
Microsoft Visual Studio Solution File, Format Version 12.00
# Visual Studio Version 17
VisualStudioVersion = 17.11.35222.181
MinimumVisualStudioVersion = 10.0.40219.1
Project("{2150E333-8FDC-42A3-9474-1A3956D46DE8}") = "Services", "Services", "{7AB336C8-C134-4A72-90B7-467A98D54860}"
EndProject
Project("{2150E333-8FDC-42A3-9474-1A3956D46DE8}") = "IdentityServer", "IdentityServer", "{C8DCEBB0-A22E-48B1-AE43-BFF66856F842}"
EndProject
Project("{2150E333-8FDC-42A3-9474-1A3956D46DE8}") = "Frontends", "Frontends", "{FFBC0CF9-D60D-4916-AD91-AED6CAE83D28}"
EndProject
Project("{2150E333-8FDC-42A3-9474-1A3956D46DE8}") = "ApiGateway", "ApiGateway", "{C8E07BDA-B40D-43DB-87C1-98FB48965EC3}"
EndProject
Project("{2150E333-8FDC-42A3-9474-1A3956D46DE8}") = "Catalog", "Catalog", "{4C2866F8-46CB-4453-A562-33533E2BF81E}"
EndProject
Project("{9A19103F-16F7-4668-BE54-9A1E7A4F7556}") = "MShop.Catalog", "Services\Catalog\MShop.Catalog\MShop.Catalog.csproj", "{94006563-A95E-48CE-A902-4D6733E5DCFC}"
EndProject
Project("{2150E333-8FDC-42A3-9474-1A3956D46DE8}") = "Discount", "Discount", "{5C3EDDCD-8DCC-450C-BA96-BF3F59DA3B5B}"
EndProject
Project("{9A19103F-16F7-4668-BE54-9A1E7A4F7556}") = "MShop.Discount", "Services\Discount\MShop.Discount\MShop.Discount.csproj", "{D447C86A-BEB7-4592-A941-23007BC40BDE}"
EndProject
Project("{2150E333-8FDC-42A3-9474-1A3956D46DE8}") = "Order", "Order", "{8CEF582D-3CB2-423E-BE0A-F513C9E3B892}"
EndProject
Project("{2150E333-8FDC-42A3-9474-1A3956D46DE8}") = "Core", "Core", "{0B59CB0F-62AD-47BD-AF41-FFCE9F730CB9}"
EndProject
Project("{2150E333-8FDC-42A3-9474-1A3956D46DE8}") = "Infrastructure", "Infrastructure", "{F2F93EBE-44B6-41D1-8731-B2ADF283BA57}"
EndProject
Project("{2150E333-8FDC-42A3-9474-1A3956D46DE8}") = "Presentation", "Presentation", "{C73662BD-E389-4F4B-B950-3ABB10071164}"
EndProject
Project("{9A19103F-16F7-4668-BE54-9A1E7A4F7556}") = "MShop.Order.Application", "Services\Order\Core\MShop.Order.Application\MShop.Order.Application.csproj", "{CFFB126B-86DA-4279-AFC3-2F4AB1EFEA13}"
EndProject
Project("{9A19103F-16F7-4668-BE54-9A1E7A4F7556}") = "MShop.Order.Domain", "Services\Order\Core\MShop.Order.Domain\MShop.Order.Domain.csproj", "{969EED4B-1EB2-4AD2-8E30-B86164C700AD}"
EndProject
Project("{9A19103F-16F7-4668-BE54-9A1E7A4F7556}") = "MShop.Order.Infrastructure", "Services\Order\Infrastructure\MShop.Order.Infrastructure\MShop.Order.Infrastructure.csproj", "{168B1D49-5331-4380-953A-2C7BFBB7B3B3}"
EndProject
Project("{9A19103F-16F7-4668-BE54-9A1E7A4F7556}") = "MShop.Order.Persistence", "Services\Order\Infrastructure\MShop.Order.Persistence\MShop.Order.Persistence.csproj", "{DC09D748-72F3-48D3-A89D-BAF1CEE88A42}"
EndProject
Project("{9A19103F-16F7-4668-BE54-9A1E7A4F7556}") = "MShop.Order.Presentation", "Services\Order\Presentation\MShop.Order.Presentation\MShop.Order.Presentation.csproj", "{410A3C66-9E27-49E8-9302-9E11868B0C5E}"
EndProject
Global
	GlobalSection(SolutionConfigurationPlatforms) = preSolution
		Debug|Any CPU = Debug|Any CPU
		Release|Any CPU = Release|Any CPU
	EndGlobalSection
	GlobalSection(ProjectConfigurationPlatforms) = postSolution
		{94006563-A95E-48CE-A902-4D6733E5DCFC}.Debug|Any CPU.ActiveCfg = Debug|Any CPU
		{94006563-A95E-48CE-A902-4D6733E5DCFC}.Debug|Any CPU.Build.0 = Debug|Any CPU
		{94006563-A95E-48CE-A902-4D6733E5DCFC}.Release|Any CPU.ActiveCfg = Release|Any CPU
		{94006563-A95E-48CE-A902-4D6733E5DCFC}.Release|Any CPU.Build.0 = Release|Any CPU
		{D447C86A-BEB7-4592-A941-23007BC40BDE}.Debug|Any CPU.ActiveCfg = Debug|Any CPU
		{D447C86A-BEB7-4592-A941-23007BC40BDE}.Debug|Any CPU.Build.0 = Debug|Any CPU
		{D447C86A-BEB7-4592-A941-23007BC40BDE}.Release|Any CPU.ActiveCfg = Release|Any CPU
		{D447C86A-BEB7-4592-A941-23007BC40BDE}.Release|Any CPU.Build.0 = Release|Any CPU
		{CFFB126B-86DA-4279-AFC3-2F4AB1EFEA13}.Debug|Any CPU.ActiveCfg = Debug|Any CPU
		{CFFB126B-86DA-4279-AFC3-2F4AB1EFEA13}.Debug|Any CPU.Build.0 = Debug|Any CPU
		{CFFB126B-86DA-4279-AFC3-2F4AB1EFEA13}.Release|Any CPU.ActiveCfg = Release|Any CPU
		{CFFB126B-86DA-4279-AFC3-2F4AB1EFEA13}.Release|Any CPU.Build.0 = Release|Any CPU
		{969EED4B-1EB2-4AD2-8E30-B86164C700AD}.Debug|Any CPU.ActiveCfg = Debug|Any CPU
		{969EED4B-1EB2-4AD2-8E30-B86164C700AD}.Debug|Any CPU.Build.0 = Debug|Any CPU
		{969EED4B-1EB2-4AD2-8E30-B86164C700AD}.Release|Any CPU.ActiveCfg = Release|Any CPU
		{969EED4B-1EB2-4AD2-8E30-B86164C700AD}.Release|Any CPU.Build.0 = Release|Any CPU
		{168B1D49-5331-4380-953A-2C7BFBB7B3B3}.Debug|Any CPU.ActiveCfg = Debug|Any CPU
		{168B1D49-5331-4380-953A-2C7BFBB7B3B3}.Debug|Any CPU.Build.0 = Debug|Any CPU
		{168B1D49-5331-4380-953A-2C7BFBB7B3B3}.Release|Any CPU.ActiveCfg = Release|Any CPU
		{168B1D49-5331-4380-953A-2C7BFBB7B3B3}.Release|Any CPU.Build.0 = Release|Any CPU
		{DC09D748-72F3-48D3-A89D-BAF1CEE88A42}.Debug|Any CPU.ActiveCfg = Debug|Any CPU
		{DC09D748-72F3-48D3-A89D-BAF1CEE88A42}.Debug|Any CPU.Build.0 = Debug|Any CPU
		{DC09D748-72F3-48D3-A89D-BAF1CEE88A42}.Release|Any CPU.ActiveCfg = Release|Any CPU
		{DC09D748-72F3-48D3-A89D-BAF1CEE88A42}.Release|Any CPU.Build.0 = Release|Any CPU
		{410A3C66-9E27-49E8-9302-9E11868B0C5E}.Debug|Any CPU.ActiveCfg = Debug|Any CPU
		{410A3C66-9E27-49E8-9302-9E11868B0C5E}.Debug|Any CPU.Build.0 = Debug|Any CPU
		{410A3C66-9E27-49E8-9302-9E11868B0C5E}.Release|Any CPU.ActiveCfg = Release|Any CPU
		{410A3C66-9E27-49E8-9302-9E11868B0C5E}.Release|Any CPU.Build.0 = Release|Any CPU
	EndGlobalSection
	GlobalSection(SolutionProperties) = preSolution
		HideSolutionNode = FALSE
	EndGlobalSection
	GlobalSection(NestedProjects) = preSolution
		{4C2866F8-46CB-4453-A562-33533E2BF81E} = {7AB336C8-C134-4A72-90B7-467A98D54860}
		{94006563-A95E-48CE-A902-4D6733E5DCFC} = {4C2866F8-46CB-4453-A562-33533E2BF81E}
		{5C3EDDCD-8DCC-450C-BA96-BF3F59DA3B5B} = {7AB336C8-C134-4A72-90B7-467A98D54860}
		{D447C86A-BEB7-4592-A941-23007BC40BDE} = {5C3EDDCD-8DCC-450C-BA96-BF3F59DA3B5B}
		{8CEF582D-3CB2-423E-BE0A-F513C9E3B892} = {7AB336C8-C134-4A72-90B7-467A98D54860}
		{0B59CB0F-62AD-47BD-AF41-FFCE9F730CB9} = {8CEF582D-3CB2-423E-BE0A-F513C9E3B892}
		{F2F93EBE-44B6-41D1-8731-B2ADF283BA57} = {8CEF582D-3CB2-423E-BE0A-F513C9E3B892}
		{C73662BD-E389-4F4B-B950-3ABB10071164} = {8CEF582D-3CB2-423E-BE0A-F513C9E3B892}
		{CFFB126B-86DA-4279-AFC3-2F4AB1EFEA13} = {0B59CB0F-62AD-47BD-AF41-FFCE9F730CB9}
		{969EED4B-1EB2-4AD2-8E30-B86164C700AD} = {0B59CB0F-62AD-47BD-AF41-FFCE9F730CB9}
		{168B1D49-5331-4380-953A-2C7BFBB7B3B3} = {F2F93EBE-44B6-41D1-8731-B2ADF283BA57}
		{DC09D748-72F3-48D3-A89D-BAF1CEE88A42} = {F2F93EBE-44B6-41D1-8731-B2ADF283BA57}
		{410A3C66-9E27-49E8-9302-9E11868B0C5E} = {C73662BD-E389-4F4B-B950-3ABB10071164}
	EndGlobalSection
	GlobalSection(ExtensibilityGlobals) = postSolution
		SolutionGuid = {27387579-A2FD-49E4-A654-58D75DFBBD8D}
	EndGlobalSection
EndGlobal
