
Microsoft Visual Studio Solution File, Format Version 12.00
# Visual Studio Version 17
VisualStudioVersion = 17.11.35222.181
MinimumVisualStudioVersion = 10.0.40219.1
Project("{2150E333-8FDC-42A3-9474-1A3956D46DE8}") = "Services", "Services", "{7AB336C8-C134-4A72-90B7-467A98D54860}"
EndProject
Project("{2150E333-8FDC-42A3-9474-1A3956D46DE8}") = "IdentityServer", "IdentityServer", "{C8DCEBB0-A22E-48B1-AE43-BFF66856F842}"
EndProject
Project("{2150E333-8FDC-42A3-9474-1A3956D46DE8}") = "Frontends", "Frontends", "{FFBC0CF9-D60D-4916-AD91-AED6CAE83D28}"
EndProject
Project("{2150E333-8FDC-42A3-9474-1A3956D46DE8}") = "ApiGateway", "ApiGateway", "{C8E07BDA-B40D-43DB-87C1-98FB48965EC3}"
EndProject
Project("{2150E333-8FDC-42A3-9474-1A3956D46DE8}") = "Catalog", "Catalog", "{4C2866F8-46CB-4453-A562-33533E2BF81E}"
EndProject
Project("{9A19103F-16F7-4668-BE54-9A1E7A4F7556}") = "MShop.Catalog", "Services\Catalog\MShop.Catalog\MShop.Catalog.csproj", "{94006563-A95E-48CE-A902-4D6733E5DCFC}"
EndProject
Project("{2150E333-8FDC-42A3-9474-1A3956D46DE8}") = "Discount", "Discount", "{5C3EDDCD-8DCC-450C-BA96-BF3F59DA3B5B}"
EndProject
Project("{9A19103F-16F7-4668-BE54-9A1E7A4F7556}") = "MShop.Discount", "Services\Discount\MShop.Discount\MShop.Discount.csproj", "{D447C86A-BEB7-4592-A941-23007BC40BDE}"
EndProject
Project("{2150E333-8FDC-42A3-9474-1A3956D46DE8}") = "Order", "Order", "{8CEF582D-3CB2-423E-BE0A-F513C9E3B892}"
EndProject
Project("{2150E333-8FDC-42A3-9474-1A3956D46DE8}") = "Core", "Core", "{0B59CB0F-62AD-47BD-AF41-FFCE9F730CB9}"
EndProject
Project("{2150E333-8FDC-42A3-9474-1A3956D46DE8}") = "Infrastructure", "Infrastructure", "{F2F93EBE-44B6-41D1-8731-B2ADF283BA57}"
EndProject
Project("{2150E333-8FDC-42A3-9474-1A3956D46DE8}") = "Presentation", "Presentation", "{C73662BD-E389-4F4B-B950-3ABB10071164}"
EndProject
Project("{9A19103F-16F7-4668-BE54-9A1E7A4F7556}") = "MShop.Order.Application", "Services\Order\Core\MShop.Order.Application\MShop.Order.Application.csproj", "{CFFB126B-86DA-4279-AFC3-2F4AB1EFEA13}"
EndProject
Project("{9A19103F-16F7-4668-BE54-9A1E7A4F7556}") = "MShop.Order.Domain", "Services\Order\Core\MShop.Order.Domain\MShop.Order.Domain.csproj", "{969EED4B-1EB2-4AD2-8E30-B86164C700AD}"
EndProject
Project("{9A19103F-16F7-4668-BE54-9A1E7A4F7556}") = "MShop.Order.Infrastructure", "Services\Order\Infrastructure\MShop.Order.Infrastructure\MShop.Order.Infrastructure.csproj", "{168B1D49-5331-4380-953A-2C7BFBB7B3B3}"
EndProject
Project("{9A19103F-16F7-4668-BE54-9A1E7A4F7556}") = "MShop.Order.Persistence", "Services\Order\Infrastructure\MShop.Order.Persistence\MShop.Order.Persistence.csproj", "{DC09D748-72F3-48D3-A89D-BAF1CEE88A42}"
EndProject
Project("{9A19103F-16F7-4668-BE54-9A1E7A4F7556}") = "MShop.Order.Presentation", "Services\Order\Presentation\MShop.Order.Presentation\MShop.Order.Presentation.csproj", "{410A3C66-9E27-49E8-9302-9E11868B0C5E}"
EndProject
Project("{9A19103F-16F7-4668-BE54-9A1E7A4F7556}") = "MShop.IdentityServer", "IdentityServer\MShop.IdentityServer\MShop.IdentityServer.csproj", "{07CE878D-85FB-40F1-90B4-AE0110403E7A}"
EndProject
Project("{2150E333-8FDC-42A3-9474-1A3956D46DE8}") = "Cargo", "Cargo", "{CBF036EA-0475-4CBF-8523-B9443AB83FE4}"
EndProject
Project("{9A19103F-16F7-4668-BE54-9A1E7A4F7556}") = "MShop.Cargo.EntityLayer", "Services\Cargo\MShop.Cargo.EntityLayer\MShop.Cargo.EntityLayer.csproj", "{C0943407-8F40-4912-9554-59DBCCAB9B55}"
EndProject
Project("{9A19103F-16F7-4668-BE54-9A1E7A4F7556}") = "MShop.Cargo.DataAccessLayer", "Services\Cargo\MShop.Cargo.DataAccessLayer\MShop.Cargo.DataAccessLayer.csproj", "{BA2D0AD3-CAC3-4796-A54C-622B2FD48835}"
EndProject
Project("{9A19103F-16F7-4668-BE54-9A1E7A4F7556}") = "MShop.Cargo.BusinessLayer", "Services\Cargo\MShop.Cargo.BusinessLayer\MShop.Cargo.BusinessLayer.csproj", "{C770568F-7F29-468F-ACDA-2E34B63E7BA0}"
EndProject
Project("{9A19103F-16F7-4668-BE54-9A1E7A4F7556}") = "MShop.Cargo.DtoLayer", "Services\Cargo\MShop.Cargo.DtoLayer\MShop.Cargo.DtoLayer.csproj", "{AC09183B-3A82-4899-98C0-DE2ADCAF8722}"
EndProject
Project("{9A19103F-16F7-4668-BE54-9A1E7A4F7556}") = "MShop.Cargo.WebApi", "Services\Cargo\MShop.Cargo.WebApi\MShop.Cargo.WebApi.csproj", "{8458E42A-D44D-4F2A-8C36-181C71618826}"
EndProject
Project("{2150E333-8FDC-42A3-9474-1A3956D46DE8}") = "Basket", "Basket", "{A514FA25-C8AD-49C0-A199-A1DFB0BAFFA8}"
EndProject
Project("{9A19103F-16F7-4668-BE54-9A1E7A4F7556}") = "MShop.Basket", "Services\Basket\MShop.Basket\MShop.Basket.csproj", "{5484F9E7-113A-432F-B558-4AD4D25ED5CB}"
EndProject
Project("{FAE04EC0-301F-11D3-BF4B-00C04F79EFBC}") = "MShop.WebUI", "Frontends\MShop.WebUI\MShop.WebUI.csproj", "{5037F489-7206-4012-BBB9-2CFFC2AEE09A}"
EndProject
Global
	GlobalSection(SolutionConfigurationPlatforms) = preSolution
		Debug|Any CPU = Debug|Any CPU
		Release|Any CPU = Release|Any CPU
	EndGlobalSection
	GlobalSection(ProjectConfigurationPlatforms) = postSolution
		{94006563-A95E-48CE-A902-4D6733E5DCFC}.Debug|Any CPU.ActiveCfg = Debug|Any CPU
		{94006563-A95E-48CE-A902-4D6733E5DCFC}.Debug|Any CPU.Build.0 = Debug|Any CPU
		{94006563-A95E-48CE-A902-4D6733E5DCFC}.Release|Any CPU.ActiveCfg = Release|Any CPU
		{94006563-A95E-48CE-A902-4D6733E5DCFC}.Release|Any CPU.Build.0 = Release|Any CPU
		{D447C86A-BEB7-4592-A941-23007BC40BDE}.Debug|Any CPU.ActiveCfg = Debug|Any CPU
		{D447C86A-BEB7-4592-A941-23007BC40BDE}.Debug|Any CPU.Build.0 = Debug|Any CPU
		{D447C86A-BEB7-4592-A941-23007BC40BDE}.Release|Any CPU.ActiveCfg = Release|Any CPU
		{D447C86A-BEB7-4592-A941-23007BC40BDE}.Release|Any CPU.Build.0 = Release|Any CPU
		{CFFB126B-86DA-4279-AFC3-2F4AB1EFEA13}.Debug|Any CPU.ActiveCfg = Debug|Any CPU
		{CFFB126B-86DA-4279-AFC3-2F4AB1EFEA13}.Debug|Any CPU.Build.0 = Debug|Any CPU
		{CFFB126B-86DA-4279-AFC3-2F4AB1EFEA13}.Release|Any CPU.ActiveCfg = Release|Any CPU
		{CFFB126B-86DA-4279-AFC3-2F4AB1EFEA13}.Release|Any CPU.Build.0 = Release|Any CPU
		{969EED4B-1EB2-4AD2-8E30-B86164C700AD}.Debug|Any CPU.ActiveCfg = Debug|Any CPU
		{969EED4B-1EB2-4AD2-8E30-B86164C700AD}.Debug|Any CPU.Build.0 = Debug|Any CPU
		{969EED4B-1EB2-4AD2-8E30-B86164C700AD}.Release|Any CPU.ActiveCfg = Release|Any CPU
		{969EED4B-1EB2-4AD2-8E30-B86164C700AD}.Release|Any CPU.Build.0 = Release|Any CPU
		{168B1D49-5331-4380-953A-2C7BFBB7B3B3}.Debug|Any CPU.ActiveCfg = Debug|Any CPU
		{168B1D49-5331-4380-953A-2C7BFBB7B3B3}.Debug|Any CPU.Build.0 = Debug|Any CPU
		{168B1D49-5331-4380-953A-2C7BFBB7B3B3}.Release|Any CPU.ActiveCfg = Release|Any CPU
		{168B1D49-5331-4380-953A-2C7BFBB7B3B3}.Release|Any CPU.Build.0 = Release|Any CPU
		{DC09D748-72F3-48D3-A89D-BAF1CEE88A42}.Debug|Any CPU.ActiveCfg = Debug|Any CPU
		{DC09D748-72F3-48D3-A89D-BAF1CEE88A42}.Debug|Any CPU.Build.0 = Debug|Any CPU
		{DC09D748-72F3-48D3-A89D-BAF1CEE88A42}.Release|Any CPU.ActiveCfg = Release|Any CPU
		{DC09D748-72F3-48D3-A89D-BAF1CEE88A42}.Release|Any CPU.Build.0 = Release|Any CPU
		{410A3C66-9E27-49E8-9302-9E11868B0C5E}.Debug|Any CPU.ActiveCfg = Debug|Any CPU
		{410A3C66-9E27-49E8-9302-9E11868B0C5E}.Debug|Any CPU.Build.0 = Debug|Any CPU
		{410A3C66-9E27-49E8-9302-9E11868B0C5E}.Release|Any CPU.ActiveCfg = Release|Any CPU
		{410A3C66-9E27-49E8-9302-9E11868B0C5E}.Release|Any CPU.Build.0 = Release|Any CPU
		{07CE878D-85FB-40F1-90B4-AE0110403E7A}.Debug|Any CPU.ActiveCfg = Debug|Any CPU
		{07CE878D-85FB-40F1-90B4-AE0110403E7A}.Debug|Any CPU.Build.0 = Debug|Any CPU
		{07CE878D-85FB-40F1-90B4-AE0110403E7A}.Release|Any CPU.ActiveCfg = Release|Any CPU
		{07CE878D-85FB-40F1-90B4-AE0110403E7A}.Release|Any CPU.Build.0 = Release|Any CPU
		{C0943407-8F40-4912-9554-59DBCCAB9B55}.Debug|Any CPU.ActiveCfg = Debug|Any CPU
		{C0943407-8F40-4912-9554-59DBCCAB9B55}.Debug|Any CPU.Build.0 = Debug|Any CPU
		{C0943407-8F40-4912-9554-59DBCCAB9B55}.Release|Any CPU.ActiveCfg = Release|Any CPU
		{C0943407-8F40-4912-9554-59DBCCAB9B55}.Release|Any CPU.Build.0 = Release|Any CPU
		{BA2D0AD3-CAC3-4796-A54C-622B2FD48835}.Debug|Any CPU.ActiveCfg = Debug|Any CPU
		{BA2D0AD3-CAC3-4796-A54C-622B2FD48835}.Debug|Any CPU.Build.0 = Debug|Any CPU
		{BA2D0AD3-CAC3-4796-A54C-622B2FD48835}.Release|Any CPU.ActiveCfg = Release|Any CPU
		{BA2D0AD3-CAC3-4796-A54C-622B2FD48835}.Release|Any CPU.Build.0 = Release|Any CPU
		{C770568F-7F29-468F-ACDA-2E34B63E7BA0}.Debug|Any CPU.ActiveCfg = Debug|Any CPU
		{C770568F-7F29-468F-ACDA-2E34B63E7BA0}.Debug|Any CPU.Build.0 = Debug|Any CPU
		{C770568F-7F29-468F-ACDA-2E34B63E7BA0}.Release|Any CPU.ActiveCfg = Release|Any CPU
		{C770568F-7F29-468F-ACDA-2E34B63E7BA0}.Release|Any CPU.Build.0 = Release|Any CPU
		{AC09183B-3A82-4899-98C0-DE2ADCAF8722}.Debug|Any CPU.ActiveCfg = Debug|Any CPU
		{AC09183B-3A82-4899-98C0-DE2ADCAF8722}.Debug|Any CPU.Build.0 = Debug|Any CPU
		{AC09183B-3A82-4899-98C0-DE2ADCAF8722}.Release|Any CPU.ActiveCfg = Release|Any CPU
		{AC09183B-3A82-4899-98C0-DE2ADCAF8722}.Release|Any CPU.Build.0 = Release|Any CPU
		{8458E42A-D44D-4F2A-8C36-181C71618826}.Debug|Any CPU.ActiveCfg = Debug|Any CPU
		{8458E42A-D44D-4F2A-8C36-181C71618826}.Debug|Any CPU.Build.0 = Debug|Any CPU
		{8458E42A-D44D-4F2A-8C36-181C71618826}.Release|Any CPU.ActiveCfg = Release|Any CPU
		{8458E42A-D44D-4F2A-8C36-181C71618826}.Release|Any CPU.Build.0 = Release|Any CPU
		{5484F9E7-113A-432F-B558-4AD4D25ED5CB}.Debug|Any CPU.ActiveCfg = Debug|Any CPU
		{5484F9E7-113A-432F-B558-4AD4D25ED5CB}.Debug|Any CPU.Build.0 = Debug|Any CPU
		{5484F9E7-113A-432F-B558-4AD4D25ED5CB}.Release|Any CPU.ActiveCfg = Release|Any CPU
		{5484F9E7-113A-432F-B558-4AD4D25ED5CB}.Release|Any CPU.Build.0 = Release|Any CPU
		{5037F489-7206-4012-BBB9-2CFFC2AEE09A}.Debug|Any CPU.ActiveCfg = Debug|Any CPU
		{5037F489-7206-4012-BBB9-2CFFC2AEE09A}.Debug|Any CPU.Build.0 = Debug|Any CPU
		{5037F489-7206-4012-BBB9-2CFFC2AEE09A}.Release|Any CPU.ActiveCfg = Release|Any CPU
		{5037F489-7206-4012-BBB9-2CFFC2AEE09A}.Release|Any CPU.Build.0 = Release|Any CPU
	EndGlobalSection
	GlobalSection(SolutionProperties) = preSolution
		HideSolutionNode = FALSE
	EndGlobalSection
	GlobalSection(NestedProjects) = preSolution
		{4C2866F8-46CB-4453-A562-33533E2BF81E} = {7AB336C8-C134-4A72-90B7-467A98D54860}
		{94006563-A95E-48CE-A902-4D6733E5DCFC} = {4C2866F8-46CB-4453-A562-33533E2BF81E}
		{5C3EDDCD-8DCC-450C-BA96-BF3F59DA3B5B} = {7AB336C8-C134-4A72-90B7-467A98D54860}
		{D447C86A-BEB7-4592-A941-23007BC40BDE} = {5C3EDDCD-8DCC-450C-BA96-BF3F59DA3B5B}
		{8CEF582D-3CB2-423E-BE0A-F513C9E3B892} = {7AB336C8-C134-4A72-90B7-467A98D54860}
		{0B59CB0F-62AD-47BD-AF41-FFCE9F730CB9} = {8CEF582D-3CB2-423E-BE0A-F513C9E3B892}
		{F2F93EBE-44B6-41D1-8731-B2ADF283BA57} = {8CEF582D-3CB2-423E-BE0A-F513C9E3B892}
		{C73662BD-E389-4F4B-B950-3ABB10071164} = {8CEF582D-3CB2-423E-BE0A-F513C9E3B892}
		{CFFB126B-86DA-4279-AFC3-2F4AB1EFEA13} = {0B59CB0F-62AD-47BD-AF41-FFCE9F730CB9}
		{969EED4B-1EB2-4AD2-8E30-B86164C700AD} = {0B59CB0F-62AD-47BD-AF41-FFCE9F730CB9}
		{168B1D49-5331-4380-953A-2C7BFBB7B3B3} = {F2F93EBE-44B6-41D1-8731-B2ADF283BA57}
		{DC09D748-72F3-48D3-A89D-BAF1CEE88A42} = {F2F93EBE-44B6-41D1-8731-B2ADF283BA57}
		{410A3C66-9E27-49E8-9302-9E11868B0C5E} = {C73662BD-E389-4F4B-B950-3ABB10071164}
		{07CE878D-85FB-40F1-90B4-AE0110403E7A} = {C8DCEBB0-A22E-48B1-AE43-BFF66856F842}
		{CBF036EA-0475-4CBF-8523-B9443AB83FE4} = {7AB336C8-C134-4A72-90B7-467A98D54860}
		{C0943407-8F40-4912-9554-59DBCCAB9B55} = {CBF036EA-0475-4CBF-8523-B9443AB83FE4}
		{BA2D0AD3-CAC3-4796-A54C-622B2FD48835} = {CBF036EA-0475-4CBF-8523-B9443AB83FE4}
		{C770568F-7F29-468F-ACDA-2E34B63E7BA0} = {CBF036EA-0475-4CBF-8523-B9443AB83FE4}
		{AC09183B-3A82-4899-98C0-DE2ADCAF8722} = {CBF036EA-0475-4CBF-8523-B9443AB83FE4}
		{8458E42A-D44D-4F2A-8C36-181C71618826} = {CBF036EA-0475-4CBF-8523-B9443AB83FE4}
		{A514FA25-C8AD-49C0-A199-A1DFB0BAFFA8} = {7AB336C8-C134-4A72-90B7-467A98D54860}
		{5484F9E7-113A-432F-B558-4AD4D25ED5CB} = {A514FA25-C8AD-49C0-A199-A1DFB0BAFFA8}
		{5037F489-7206-4012-BBB9-2CFFC2AEE09A} = {FFBC0CF9-D60D-4916-AD91-AED6CAE83D28}
	EndGlobalSection
	GlobalSection(ExtensibilityGlobals) = postSolution
		SolutionGuid = {27387579-A2FD-49E4-A654-58D75DFBBD8D}
	EndGlobalSection
EndGlobal
